{
  "pins" : [
    {
      "identity" : "component",
      "kind" : "remoteSourceControl",
      "location" : "https://github.com/nicolas-miari/Component.git",
      "state" : {
        "revision" : "e73ab87eea503e560077be79c1afd4b7582eda3a",
        "version" : "1.0.0"
      }
    },
    {
      "identity" : "matrixutils",
      "kind" : "remoteSourceControl",
      "location" : "https://github.com/nicolas-miari/MatrixUtils.git",
      "state" : {
        "revision" : "8f2363edca6bd853f5d38034a3314fe5584a6163",
        "version" : "0.0.0"
      }
    }
  ],
  "version" : 2
}
